Microsoft Visual Studio Solution File, Format Version 12.00
# Visual Studio 2012
Project("{FAE04EC0-301F-11D3-BF4B-00C04F79EFBC}") = "TheFuseStreet", "TheFuseStreet.csproj", "{0B18F6C1-86C3-40A8-B0E4-053A0539C367}"
EndProject
Global
	GlobalSection(SolutionConfigurationPlatforms) = preSolution
	Debug|Any CPU = Debug|Any CPU
	ExportDebug|Any CPU = ExportDebug|Any CPU
	ExportRelease|Any CPU = ExportRelease|Any CPU
	EndGlobalSection
	GlobalSection(ProjectConfigurationPlatforms) = postSolution
		{0B18F6C1-86C3-40A8-B0E4-053A0539C367}.Debug|Any CPU.ActiveCfg = Debug|Any CPU
		{0B18F6C1-86C3-40A8-B0E4-053A0539C367}.Debug|Any CPU.Build.0 = Debug|Any CPU
		{0B18F6C1-86C3-40A8-B0E4-053A0539C367}.ExportDebug|Any CPU.ActiveCfg = ExportDebug|Any CPU
		{0B18F6C1-86C3-40A8-B0E4-053A0539C367}.ExportDebug|Any CPU.Build.0 = ExportDebug|Any CPU
		{0B18F6C1-86C3-40A8-B0E4-053A0539C367}.ExportRelease|Any CPU.ActiveCfg = ExportRelease|Any CPU
		{0B18F6C1-86C3-40A8-B0E4-053A0539C367}.ExportRelease|Any CPU.Build.0 = ExportRelease|Any CPU
	EndGlobalSection
EndGlobal
